
Microsoft Visual Studio Solution File, Format Version 12.00
# Visual Studio 2013
VisualStudioVersion = 12.0.30723.0
MinimumVisualStudioVersion = 10.0.40219.1
Project("{FAE04EC0-301F-11D3-BF4B-00C04F79EFBC}") = "JumpOverJump", "JumpOverJump\JumpOverJump.csproj", "{E242FDAF-8411-49D9-86F7-BC31239D3C5B}"
EndProject
Project("{FAE04EC0-301F-11D3-BF4B-00C04F79EFBC}") = "JumpOverJump.Tests", "JumpOverJump.Tests\JumpOverJump.Tests.csproj", "{6EFB3C78-557C-459B-8CD4-DA160F49A39B}"
EndProject
Global
	GlobalSection(SolutionConfigurationPlatforms) = preSolution
		Debug|Any CPU = Debug|Any CPU
		Release|Any CPU = Release|Any CPU
	EndGlobalSection
	GlobalSection(ProjectConfigurationPlatforms) = postSolution
		{E242FDAF-8411-49D9-86F7-BC31239D3C5B}.Debug|Any CPU.ActiveCfg = Debug|Any CPU
		{E242FDAF-8411-49D9-86F7-BC31239D3C5B}.Debug|Any CPU.Build.0 = Debug|Any CPU
		{E242FDAF-8411-49D9-86F7-BC31239D3C5B}.Release|Any CPU.ActiveCfg = Release|Any CPU
		{E242FDAF-8411-49D9-86F7-BC31239D3C5B}.Release|Any CPU.Build.0 = Release|Any CPU
		{6EFB3C78-557C-459B-8CD4-DA160F49A39B}.Debug|Any CPU.ActiveCfg = Debug|Any CPU
		{6EFB3C78-557C-459B-8CD4-DA160F49A39B}.Debug|Any CPU.Build.0 = Debug|Any CPU
		{6EFB3C78-557C-459B-8CD4-DA160F49A39B}.Release|Any CPU.ActiveCfg = Release|Any CPU
		{6EFB3C78-557C-459B-8CD4-DA160F49A39B}.Release|Any CPU.Build.0 = Release|Any CPU
	EndGlobalSection
	GlobalSection(SolutionProperties) = preSolution
		HideSolutionNode = FALSE
	EndGlobalSection
EndGlobal
